
Microsoft Visual Studio Solution File, Format Version 12.00
# Visual Studio Version 16
VisualStudioVersion = 16.0.809.8
MinimumVisualStudioVersion = 10.0.40219.1
Project("{FAE04EC0-301F-11D3-BF4B-00C04F79EFBC}") = "labgit", "labgit\labgit.csproj", "{5F846603-1691-45FD-8C76-3D8ECCD7368E}"
EndProject
Global
	GlobalSection(SolutionConfigurationPlatforms) = preSolution
		Debug|Any CPU = Debug|Any CPU
		Release|Any CPU = Release|Any CPU
	EndGlobalSection
	GlobalSection(ProjectConfigurationPlatforms) = postSolution
		{5F846603-1691-45FD-8C76-3D8ECCD7368E}.Debug|Any CPU.ActiveCfg = Debug|Any CPU
		{5F846603-1691-45FD-8C76-3D8ECCD7368E}.Debug|Any CPU.Build.0 = Debug|Any CPU
		{5F846603-1691-45FD-8C76-3D8ECCD7368E}.Release|Any CPU.ActiveCfg = Release|Any CPU
		{5F846603-1691-45FD-8C76-3D8ECCD7368E}.Release|Any CPU.Build.0 = Release|Any CPU
	EndGlobalSection
	GlobalSection(SolutionProperties) = preSolution
		HideSolutionNode = FALSE
	EndGlobalSection
	GlobalSection(ExtensibilityGlobals) = postSolution
		SolutionGuid = {F9442121-3D72-435C-907C-82EFDE43D774}
	EndGlobalSection
EndGlobal
